{
  "name": "circuit-analysis",
  "version": "0.4.0",
  "dependencies": {
    "chai": {
      "version": "3.0.0",
      "from": "chai@3.0.0",
      "resolved": "https://registry.npmjs.org/chai/-/chai-3.0.0.tgz",
      "dependencies": {
        "assertion-error": {
          "version": "1.0.1",
          "from": "assertion-error@>=1.0.1 <2.0.0",
          "resolved": "https://registry.npmjs.org/assertion-error/-/assertion-error-1.0.1.tgz"
        },
        "deep-eql": {
          "version": "0.1.3",
          "from": "deep-eql@>=0.1.3 <0.2.0",
          "resolved": "https://registry.npmjs.org/deep-eql/-/deep-eql-0.1.3.tgz",
          "dependencies": {
            "type-detect": {
              "version": "0.1.1",
              "from": "type-detect@0.1.1",
              "resolved": "https://registry.npmjs.org/type-detect/-/type-detect-0.1.1.tgz"
            }
          }
        },
        "type-detect": {
          "version": "1.0.0",
          "from": "type-detect@>=1.0.0 <2.0.0",
          "resolved": "https://registry.npmjs.org/type-detect/-/type-detect-1.0.0.tgz"
        }
      }
    },
    "matrixy": {
      "version": "1.0.2",
      "from": "matrixy@1.0.2",
      "resolved": "https://registry.npmjs.org/matrixy/-/matrixy-1.0.2.tgz"
    }
  }
}
